
Microsoft Visual Studio Solution File, Format Version 12.00
# Visual Studio Version 17
VisualStudioVersion = 17.7.34003.232
MinimumVisualStudioVersion = 10.0.40219.1
Project("{FAE04EC0-301F-11D3-BF4B-00C04F79EFBC}") = "RpgFrame.Engine", "RpgFrame.Engine\RpgFrame.Engine.csproj", "{B39CFE69-357A-4DDD-B131-F9FCC502BEE6}"
EndProject
Project("{FAE04EC0-301F-11D3-BF4B-00C04F79EFBC}") = "RpgFrame.Tests", "RpgFrame.Tests\RpgFrame.Tests.csproj", "{D33A7759-B338-4315-BCA7-6BE3AB606C39}"
EndProject
Global
	GlobalSection(SolutionConfigurationPlatforms) = preSolution
		Debug|Any CPU = Debug|Any CPU
		Release|Any CPU = Release|Any CPU
	EndGlobalSection
	GlobalSection(ProjectConfigurationPlatforms) = postSolution
		{B39CFE69-357A-4DDD-B131-F9FCC502BEE6}.Debug|Any CPU.ActiveCfg = Debug|Any CPU
		{B39CFE69-357A-4DDD-B131-F9FCC502BEE6}.Debug|Any CPU.Build.0 = Debug|Any CPU
		{B39CFE69-357A-4DDD-B131-F9FCC502BEE6}.Release|Any CPU.ActiveCfg = Release|Any CPU
		{B39CFE69-357A-4DDD-B131-F9FCC502BEE6}.Release|Any CPU.Build.0 = Release|Any CPU
		{D33A7759-B338-4315-BCA7-6BE3AB606C39}.Debug|Any CPU.ActiveCfg = Debug|Any CPU
		{D33A7759-B338-4315-BCA7-6BE3AB606C39}.Debug|Any CPU.Build.0 = Debug|Any CPU
		{D33A7759-B338-4315-BCA7-6BE3AB606C39}.Release|Any CPU.ActiveCfg = Release|Any CPU
		{D33A7759-B338-4315-BCA7-6BE3AB606C39}.Release|Any CPU.Build.0 = Release|Any CPU
	EndGlobalSection
	GlobalSection(SolutionProperties) = preSolution
		HideSolutionNode = FALSE
	EndGlobalSection
	GlobalSection(ExtensibilityGlobals) = postSolution
		SolutionGuid = {D0E47262-2CD1-49E1-B154-64F8958BC870}
	EndGlobalSection
EndGlobal
